
Microsoft Visual Studio Solution File, Format Version 12.00
# Visual Studio Version 17
VisualStudioVersion = 17.11.35222.181
MinimumVisualStudioVersion = 10.0.40219.1
Project("{2150E333-8FDC-42A3-9474-1A3956D46DE8}") = "Services", "Services", "{4F005FAD-5F05-4343-9E16-58D06EB59FCF}"
EndProject
Project("{2150E333-8FDC-42A3-9474-1A3956D46DE8}") = "Catelog", "Catelog", "{10F05337-3919-4BF2-9D7E-B47D528135C7}"
EndProject
Project("{9A19103F-16F7-4668-BE54-9A1E7A4F7556}") = "FreeCourse.Services.Catelog", "Services\Catelog\FreeCourse.Services.Catelog\FreeCourse.Services.Catelog.csproj", "{F2042E5A-0155-4317-8DDE-C2D9F3E89BC7}"
EndProject
Project("{2150E333-8FDC-42A3-9474-1A3956D46DE8}") = "SolutionItems", "SolutionItems", "{B17D60F9-0C1E-4720-A7BA-223FFB956921}"
	ProjectSection(SolutionItems) = preProject
		Ports.txt = Ports.txt
	EndProjectSection
EndProject
Project("{2150E333-8FDC-42A3-9474-1A3956D46DE8}") = "Shared", "Shared", "{724CD568-2A4E-4F13-8AEA-D1FDC11305ED}"
EndProject
Project("{9A19103F-16F7-4668-BE54-9A1E7A4F7556}") = "FreeCourse.Shared", "Shared\FreeCourse.Shared\FreeCourse.Shared.csproj", "{F3B82FAE-57DC-433D-81B3-4ED70D3250B3}"
EndProject
Project("{2150E333-8FDC-42A3-9474-1A3956D46DE8}") = "IdentityServer", "IdentityServer", "{64288793-F192-46E6-B0BB-B6838FF658A1}"
EndProject
Project("{9A19103F-16F7-4668-BE54-9A1E7A4F7556}") = "FreeCourse.IdentityServer", "IdentityServer\FreeCourse.IdentityServer\FreeCourse.IdentityServer.csproj", "{A2F13543-7D1E-4D4E-8E58-4060E1BFB6EA}"
EndProject
Project("{2150E333-8FDC-42A3-9474-1A3956D46DE8}") = "PhotoStock", "PhotoStock", "{657030A5-C4D9-4735-8896-DB612BA46A88}"
EndProject
Project("{9A19103F-16F7-4668-BE54-9A1E7A4F7556}") = "FreeCourse.Services.PhotoStock", "Services\PhotoStock\FreeCourse.Services.PhotoStock\FreeCourse.Services.PhotoStock.csproj", "{3F18CFC8-002D-43A2-AF32-0DCC1472F6B5}"
EndProject
Project("{2150E333-8FDC-42A3-9474-1A3956D46DE8}") = "Basket", "Basket", "{1188EA8D-F266-4B9D-B460-69FB240EE0F5}"
EndProject
Project("{9A19103F-16F7-4668-BE54-9A1E7A4F7556}") = "FreeCourse.Services.Basket", "Services\Basket\FreeCourse.Services.Basket\FreeCourse.Services.Basket.csproj", "{7388AF7D-D788-47B9-92A6-368741AB2C60}"
EndProject
Project("{2150E333-8FDC-42A3-9474-1A3956D46DE8}") = "Discount", "Discount", "{DA9E165B-E279-47FE-A677-4A5CFB5AB90A}"
EndProject
Project("{9A19103F-16F7-4668-BE54-9A1E7A4F7556}") = "FreeCourse.Services.Discount", "Services\Discount\FreeCourse.Services.Discount\FreeCourse.Services.Discount.csproj", "{E085A8B2-29D8-46B4-9A51-BAE5896A5466}"
EndProject
Project("{2150E333-8FDC-42A3-9474-1A3956D46DE8}") = "Order", "Order", "{74F84C7D-128F-4A33-AE92-823FEF551F3A}"
EndProject
Project("{9A19103F-16F7-4668-BE54-9A1E7A4F7556}") = "FreeCourse.Services.Order.API", "Services\Order\FreeCourse.Services.Order.API\FreeCourse.Services.Order.API.csproj", "{3BBC4DC4-C9B7-42C4-A14F-E5712E2449C4}"
EndProject
Project("{9A19103F-16F7-4668-BE54-9A1E7A4F7556}") = "FreeCourse.Services.Order.Infrastructure", "Services\Order\FreeCourse.Services.Order.Infrastructure\FreeCourse.Services.Order.Infrastructure.csproj", "{295DC21D-7379-4C0B-BBC3-53929EADAEE7}"
EndProject
Project("{9A19103F-16F7-4668-BE54-9A1E7A4F7556}") = "FreeCourse.Services.Order.Domain", "Services\Order\FreeCourse.Services.Order.Domain\FreeCourse.Services.Order.Domain.csproj", "{56CBC742-D3C8-45E0-87B8-09F62A924D39}"
EndProject
Project("{9A19103F-16F7-4668-BE54-9A1E7A4F7556}") = "FreeCourse.Services.Order.Domain.Core", "Services\Order\FreeCourse.Services.Order.Domain.Core\FreeCourse.Services.Order.Domain.Core.csproj", "{9CFFEDF0-E960-4C76-8A5F-B052E42F19ED}"
EndProject
Project("{9A19103F-16F7-4668-BE54-9A1E7A4F7556}") = "FreeCourse.Services.Order.Application", "Services\Order\FreeCourse.Services.Order.Application\FreeCourse.Services.Order.Application.csproj", "{25D9C579-7CD1-4DAD-A9E5-FE48A10C8A32}"
EndProject
Project("{FAE04EC0-301F-11D3-BF4B-00C04F79EFBC}") = "FreeCourse.Services.FakePayment", "Services\FreeCourse.Services.FakePayment\FreeCourse.Services.FakePayment.csproj", "{A3F6AB4F-0992-423A-9DEC-35C8B0D638DF}"
EndProject
Project("{2150E333-8FDC-42A3-9474-1A3956D46DE8}") = "FakePayment", "FakePayment", "{0A069A61-C556-4045-B02C-F172EA82F561}"
EndProject
Global
	GlobalSection(SolutionConfigurationPlatforms) = preSolution
		Debug|Any CPU = Debug|Any CPU
		Release|Any CPU = Release|Any CPU
	EndGlobalSection
	GlobalSection(ProjectConfigurationPlatforms) = postSolution
		{F2042E5A-0155-4317-8DDE-C2D9F3E89BC7}.Debug|Any CPU.ActiveCfg = Debug|Any CPU
		{F2042E5A-0155-4317-8DDE-C2D9F3E89BC7}.Debug|Any CPU.Build.0 = Debug|Any CPU
		{F2042E5A-0155-4317-8DDE-C2D9F3E89BC7}.Release|Any CPU.ActiveCfg = Release|Any CPU
		{F2042E5A-0155-4317-8DDE-C2D9F3E89BC7}.Release|Any CPU.Build.0 = Release|Any CPU
		{F3B82FAE-57DC-433D-81B3-4ED70D3250B3}.Debug|Any CPU.ActiveCfg = Debug|Any CPU
		{F3B82FAE-57DC-433D-81B3-4ED70D3250B3}.Debug|Any CPU.Build.0 = Debug|Any CPU
		{F3B82FAE-57DC-433D-81B3-4ED70D3250B3}.Release|Any CPU.ActiveCfg = Release|Any CPU
		{F3B82FAE-57DC-433D-81B3-4ED70D3250B3}.Release|Any CPU.Build.0 = Release|Any CPU
		{A2F13543-7D1E-4D4E-8E58-4060E1BFB6EA}.Debug|Any CPU.ActiveCfg = Debug|Any CPU
		{A2F13543-7D1E-4D4E-8E58-4060E1BFB6EA}.Debug|Any CPU.Build.0 = Debug|Any CPU
		{A2F13543-7D1E-4D4E-8E58-4060E1BFB6EA}.Release|Any CPU.ActiveCfg = Release|Any CPU
		{A2F13543-7D1E-4D4E-8E58-4060E1BFB6EA}.Release|Any CPU.Build.0 = Release|Any CPU
		{3F18CFC8-002D-43A2-AF32-0DCC1472F6B5}.Debug|Any CPU.ActiveCfg = Debug|Any CPU
		{3F18CFC8-002D-43A2-AF32-0DCC1472F6B5}.Debug|Any CPU.Build.0 = Debug|Any CPU
		{3F18CFC8-002D-43A2-AF32-0DCC1472F6B5}.Release|Any CPU.ActiveCfg = Release|Any CPU
		{3F18CFC8-002D-43A2-AF32-0DCC1472F6B5}.Release|Any CPU.Build.0 = Release|Any CPU
		{7388AF7D-D788-47B9-92A6-368741AB2C60}.Debug|Any CPU.ActiveCfg = Debug|Any CPU
		{7388AF7D-D788-47B9-92A6-368741AB2C60}.Debug|Any CPU.Build.0 = Debug|Any CPU
		{7388AF7D-D788-47B9-92A6-368741AB2C60}.Release|Any CPU.ActiveCfg = Release|Any CPU
		{7388AF7D-D788-47B9-92A6-368741AB2C60}.Release|Any CPU.Build.0 = Release|Any CPU
		{E085A8B2-29D8-46B4-9A51-BAE5896A5466}.Debug|Any CPU.ActiveCfg = Debug|Any CPU
		{E085A8B2-29D8-46B4-9A51-BAE5896A5466}.Debug|Any CPU.Build.0 = Debug|Any CPU
		{E085A8B2-29D8-46B4-9A51-BAE5896A5466}.Release|Any CPU.ActiveCfg = Release|Any CPU
		{E085A8B2-29D8-46B4-9A51-BAE5896A5466}.Release|Any CPU.Build.0 = Release|Any CPU
		{3BBC4DC4-C9B7-42C4-A14F-E5712E2449C4}.Debug|Any CPU.ActiveCfg = Debug|Any CPU
		{3BBC4DC4-C9B7-42C4-A14F-E5712E2449C4}.Debug|Any CPU.Build.0 = Debug|Any CPU
		{3BBC4DC4-C9B7-42C4-A14F-E5712E2449C4}.Release|Any CPU.ActiveCfg = Release|Any CPU
		{3BBC4DC4-C9B7-42C4-A14F-E5712E2449C4}.Release|Any CPU.Build.0 = Release|Any CPU
		{295DC21D-7379-4C0B-BBC3-53929EADAEE7}.Debug|Any CPU.ActiveCfg = Debug|Any CPU
		{295DC21D-7379-4C0B-BBC3-53929EADAEE7}.Debug|Any CPU.Build.0 = Debug|Any CPU
		{295DC21D-7379-4C0B-BBC3-53929EADAEE7}.Release|Any CPU.ActiveCfg = Release|Any CPU
		{295DC21D-7379-4C0B-BBC3-53929EADAEE7}.Release|Any CPU.Build.0 = Release|Any CPU
		{56CBC742-D3C8-45E0-87B8-09F62A924D39}.Debug|Any CPU.ActiveCfg = Debug|Any CPU
		{56CBC742-D3C8-45E0-87B8-09F62A924D39}.Debug|Any CPU.Build.0 = Debug|Any CPU
		{56CBC742-D3C8-45E0-87B8-09F62A924D39}.Release|Any CPU.ActiveCfg = Release|Any CPU
		{56CBC742-D3C8-45E0-87B8-09F62A924D39}.Release|Any CPU.Build.0 = Release|Any CPU
		{9CFFEDF0-E960-4C76-8A5F-B052E42F19ED}.Debug|Any CPU.ActiveCfg = Debug|Any CPU
		{9CFFEDF0-E960-4C76-8A5F-B052E42F19ED}.Debug|Any CPU.Build.0 = Debug|Any CPU
		{9CFFEDF0-E960-4C76-8A5F-B052E42F19ED}.Release|Any CPU.ActiveCfg = Release|Any CPU
		{9CFFEDF0-E960-4C76-8A5F-B052E42F19ED}.Release|Any CPU.Build.0 = Release|Any CPU
		{25D9C579-7CD1-4DAD-A9E5-FE48A10C8A32}.Debug|Any CPU.ActiveCfg = Debug|Any CPU
		{25D9C579-7CD1-4DAD-A9E5-FE48A10C8A32}.Debug|Any CPU.Build.0 = Debug|Any CPU
		{25D9C579-7CD1-4DAD-A9E5-FE48A10C8A32}.Release|Any CPU.ActiveCfg = Release|Any CPU
		{25D9C579-7CD1-4DAD-A9E5-FE48A10C8A32}.Release|Any CPU.Build.0 = Release|Any CPU
		{A3F6AB4F-0992-423A-9DEC-35C8B0D638DF}.Debug|Any CPU.ActiveCfg = Debug|Any CPU
		{A3F6AB4F-0992-423A-9DEC-35C8B0D638DF}.Debug|Any CPU.Build.0 = Debug|Any CPU
		{A3F6AB4F-0992-423A-9DEC-35C8B0D638DF}.Release|Any CPU.ActiveCfg = Release|Any CPU
		{A3F6AB4F-0992-423A-9DEC-35C8B0D638DF}.Release|Any CPU.Build.0 = Release|Any CPU
	EndGlobalSection
	GlobalSection(SolutionProperties) = preSolution
		HideSolutionNode = FALSE
	EndGlobalSection
	GlobalSection(NestedProjects) = preSolution
		{10F05337-3919-4BF2-9D7E-B47D528135C7} = {4F005FAD-5F05-4343-9E16-58D06EB59FCF}
		{F2042E5A-0155-4317-8DDE-C2D9F3E89BC7} = {10F05337-3919-4BF2-9D7E-B47D528135C7}
		{F3B82FAE-57DC-433D-81B3-4ED70D3250B3} = {724CD568-2A4E-4F13-8AEA-D1FDC11305ED}
		{A2F13543-7D1E-4D4E-8E58-4060E1BFB6EA} = {64288793-F192-46E6-B0BB-B6838FF658A1}
		{657030A5-C4D9-4735-8896-DB612BA46A88} = {4F005FAD-5F05-4343-9E16-58D06EB59FCF}
		{3F18CFC8-002D-43A2-AF32-0DCC1472F6B5} = {657030A5-C4D9-4735-8896-DB612BA46A88}
		{1188EA8D-F266-4B9D-B460-69FB240EE0F5} = {4F005FAD-5F05-4343-9E16-58D06EB59FCF}
		{7388AF7D-D788-47B9-92A6-368741AB2C60} = {1188EA8D-F266-4B9D-B460-69FB240EE0F5}
		{DA9E165B-E279-47FE-A677-4A5CFB5AB90A} = {4F005FAD-5F05-4343-9E16-58D06EB59FCF}
		{E085A8B2-29D8-46B4-9A51-BAE5896A5466} = {DA9E165B-E279-47FE-A677-4A5CFB5AB90A}
		{74F84C7D-128F-4A33-AE92-823FEF551F3A} = {4F005FAD-5F05-4343-9E16-58D06EB59FCF}
		{3BBC4DC4-C9B7-42C4-A14F-E5712E2449C4} = {74F84C7D-128F-4A33-AE92-823FEF551F3A}
		{295DC21D-7379-4C0B-BBC3-53929EADAEE7} = {74F84C7D-128F-4A33-AE92-823FEF551F3A}
		{56CBC742-D3C8-45E0-87B8-09F62A924D39} = {74F84C7D-128F-4A33-AE92-823FEF551F3A}
		{9CFFEDF0-E960-4C76-8A5F-B052E42F19ED} = {74F84C7D-128F-4A33-AE92-823FEF551F3A}
		{25D9C579-7CD1-4DAD-A9E5-FE48A10C8A32} = {74F84C7D-128F-4A33-AE92-823FEF551F3A}
		{A3F6AB4F-0992-423A-9DEC-35C8B0D638DF} = {0A069A61-C556-4045-B02C-F172EA82F561}
		{0A069A61-C556-4045-B02C-F172EA82F561} = {4F005FAD-5F05-4343-9E16-58D06EB59FCF}
	EndGlobalSection
	GlobalSection(ExtensibilityGlobals) = postSolution
		SolutionGuid = {8B88A270-5AD2-4FE7-A81D-6B36A1BA709D}
	EndGlobalSection
EndGlobal
