
Microsoft Visual Studio Solution File, Format Version 12.00
# Visual Studio Version 17
VisualStudioVersion = 17.11.35222.181
MinimumVisualStudioVersion = 10.0.40219.1
Project("{2150E333-8FDC-42A3-9474-1A3956D46DE8}") = "Services", "Services", "{4F005FAD-5F05-4343-9E16-58D06EB59FCF}"
EndProject
Project("{2150E333-8FDC-42A3-9474-1A3956D46DE8}") = "Catelog", "Catelog", "{10F05337-3919-4BF2-9D7E-B47D528135C7}"
EndProject
Project("{9A19103F-16F7-4668-BE54-9A1E7A4F7556}") = "FreeCourse.Services.Catelog", "Services\Catelog\FreeCourse.Services.Catelog\FreeCourse.Services.Catelog.csproj", "{F2042E5A-0155-4317-8DDE-C2D9F3E89BC7}"
EndProject
Project("{2150E333-8FDC-42A3-9474-1A3956D46DE8}") = "SolutionItems", "SolutionItems", "{B17D60F9-0C1E-4720-A7BA-223FFB956921}"
	ProjectSection(SolutionItems) = preProject
		Ports.txt = Ports.txt
	EndProjectSection
EndProject
Project("{2150E333-8FDC-42A3-9474-1A3956D46DE8}") = "Shared", "Shared", "{724CD568-2A4E-4F13-8AEA-D1FDC11305ED}"
EndProject
Project("{9A19103F-16F7-4668-BE54-9A1E7A4F7556}") = "FreeCourse.Shared", "Shared\FreeCourse.Shared\FreeCourse.Shared.csproj", "{F3B82FAE-57DC-433D-81B3-4ED70D3250B3}"
EndProject
Project("{2150E333-8FDC-42A3-9474-1A3956D46DE8}") = "IdentityServer", "IdentityServer", "{64288793-F192-46E6-B0BB-B6838FF658A1}"
EndProject
Project("{9A19103F-16F7-4668-BE54-9A1E7A4F7556}") = "FreeCourse.IdentityServer", "IdentityServer\FreeCourse.IdentityServer\FreeCourse.IdentityServer.csproj", "{A2F13543-7D1E-4D4E-8E58-4060E1BFB6EA}"
EndProject
Global
	GlobalSection(SolutionConfigurationPlatforms) = preSolution
		Debug|Any CPU = Debug|Any CPU
		Release|Any CPU = Release|Any CPU
	EndGlobalSection
	GlobalSection(ProjectConfigurationPlatforms) = postSolution
		{F2042E5A-0155-4317-8DDE-C2D9F3E89BC7}.Debug|Any CPU.ActiveCfg = Debug|Any CPU
		{F2042E5A-0155-4317-8DDE-C2D9F3E89BC7}.Debug|Any CPU.Build.0 = Debug|Any CPU
		{F2042E5A-0155-4317-8DDE-C2D9F3E89BC7}.Release|Any CPU.ActiveCfg = Release|Any CPU
		{F2042E5A-0155-4317-8DDE-C2D9F3E89BC7}.Release|Any CPU.Build.0 = Release|Any CPU
		{F3B82FAE-57DC-433D-81B3-4ED70D3250B3}.Debug|Any CPU.ActiveCfg = Debug|Any CPU
		{F3B82FAE-57DC-433D-81B3-4ED70D3250B3}.Debug|Any CPU.Build.0 = Debug|Any CPU
		{F3B82FAE-57DC-433D-81B3-4ED70D3250B3}.Release|Any CPU.ActiveCfg = Release|Any CPU
		{F3B82FAE-57DC-433D-81B3-4ED70D3250B3}.Release|Any CPU.Build.0 = Release|Any CPU
		{A2F13543-7D1E-4D4E-8E58-4060E1BFB6EA}.Debug|Any CPU.ActiveCfg = Debug|Any CPU
		{A2F13543-7D1E-4D4E-8E58-4060E1BFB6EA}.Debug|Any CPU.Build.0 = Debug|Any CPU
		{A2F13543-7D1E-4D4E-8E58-4060E1BFB6EA}.Release|Any CPU.ActiveCfg = Release|Any CPU
		{A2F13543-7D1E-4D4E-8E58-4060E1BFB6EA}.Release|Any CPU.Build.0 = Release|Any CPU
	EndGlobalSection
	GlobalSection(SolutionProperties) = preSolution
		HideSolutionNode = FALSE
	EndGlobalSection
	GlobalSection(NestedProjects) = preSolution
		{10F05337-3919-4BF2-9D7E-B47D528135C7} = {4F005FAD-5F05-4343-9E16-58D06EB59FCF}
		{F2042E5A-0155-4317-8DDE-C2D9F3E89BC7} = {10F05337-3919-4BF2-9D7E-B47D528135C7}
		{F3B82FAE-57DC-433D-81B3-4ED70D3250B3} = {724CD568-2A4E-4F13-8AEA-D1FDC11305ED}
		{A2F13543-7D1E-4D4E-8E58-4060E1BFB6EA} = {64288793-F192-46E6-B0BB-B6838FF658A1}
	EndGlobalSection
	GlobalSection(ExtensibilityGlobals) = postSolution
		SolutionGuid = {8B88A270-5AD2-4FE7-A81D-6B36A1BA709D}
	EndGlobalSection
EndGlobal
